
Microsoft Visual Studio Solution File, Format Version 12.00
# Visual Studio Version 17
VisualStudioVersion = 17.3.32825.248
MinimumVisualStudioVersion = 10.0.40219.1
Project("{8BC9CEB8-8B4A-11D0-8D11-00A0C91BC942}") = "Example1", "Example1.vcxproj", "{2EE54C09-9F8F-4B97-B8DD-CCC1AF41EB65}"
EndProject
Global
	GlobalSection(SolutionConfigurationPlatforms) = preSolution
		Debug|x64 = Debug|x64
		Debug|x86 = Debug|x86
		Release|x64 = Release|x64
		Release|x86 = Release|x86
	EndGlobalSection
	GlobalSection(ProjectConfigurationPlatforms) = postSolution
		{2EE54C09-9F8F-4B97-B8DD-CCC1AF41EB65}.Debug|x64.ActiveCfg = Debug|x64
		{2EE54C09-9F8F-4B97-B8DD-CCC1AF41EB65}.Debug|x64.Build.0 = Debug|x64
		{2EE54C09-9F8F-4B97-B8DD-CCC1AF41EB65}.Debug|x86.ActiveCfg = Debug|Win32
		{2EE54C09-9F8F-4B97-B8DD-CCC1AF41EB65}.Debug|x86.Build.0 = Debug|Win32
		{2EE54C09-9F8F-4B97-B8DD-CCC1AF41EB65}.Release|x64.ActiveCfg = Release|x64
		{2EE54C09-9F8F-4B97-B8DD-CCC1AF41EB65}.Release|x64.Build.0 = Release|x64
		{2EE54C09-9F8F-4B97-B8DD-CCC1AF41EB65}.Release|x86.ActiveCfg = Release|Win32
		{2EE54C09-9F8F-4B97-B8DD-CCC1AF41EB65}.Release|x86.Build.0 = Release|Win32
	EndGlobalSection
	GlobalSection(SolutionProperties) = preSolution
		HideSolutionNode = FALSE
	EndGlobalSection
	GlobalSection(ExtensibilityGlobals) = postSolution
		SolutionGuid = {3318BC13-7087-4E5E-82A2-1065EF0CF2CF}
	EndGlobalSection
EndGlobal
